
Microsoft Visual Studio Solution File, Format Version 12.00
# Visual Studio Version 17
VisualStudioVersion = 17.12.35527.113 d17.12
MinimumVisualStudioVersion = 10.0.40219.1
Project("{FAE04EC0-301F-11D3-BF4B-00C04F79EFBC}") = "ShiftSwap.R.PL", "ShiftSwap.R.PL\ShiftSwap.R.PL.csproj", "{ED55E56C-882C-4B71-AEA4-D09CCBE0B26E}"
EndProject
Project("{FAE04EC0-301F-11D3-BF4B-00C04F79EFBC}") = "ShiftSwap.R.DAL", "ShiftSwap.R.DAL\ShiftSwap.R.DAL.csproj", "{543E7D4B-35AC-4EC8-A1A7-CCFFCA83E23A}"
EndProject
Project("{FAE04EC0-301F-11D3-BF4B-00C04F79EFBC}") = "ShiftSwap.R.BLL", "ShiftSwap.R.BLL\ShiftSwap.R.BLL.csproj", "{929203D5-8046-41BA-A8E1-5C303C773D5B}"
EndProject
Global
	GlobalSection(SolutionConfigurationPlatforms) = preSolution
		Debug|Any CPU = Debug|Any CPU
		Release|Any CPU = Release|Any CPU
	EndGlobalSection
	GlobalSection(ProjectConfigurationPlatforms) = postSolution
		{ED55E56C-882C-4B71-AEA4-D09CCBE0B26E}.Debug|Any CPU.ActiveCfg = Debug|Any CPU
		{ED55E56C-882C-4B71-AEA4-D09CCBE0B26E}.Debug|Any CPU.Build.0 = Debug|Any CPU
		{ED55E56C-882C-4B71-AEA4-D09CCBE0B26E}.Release|Any CPU.ActiveCfg = Release|Any CPU
		{ED55E56C-882C-4B71-AEA4-D09CCBE0B26E}.Release|Any CPU.Build.0 = Release|Any CPU
		{543E7D4B-35AC-4EC8-A1A7-CCFFCA83E23A}.Debug|Any CPU.ActiveCfg = Debug|Any CPU
		{543E7D4B-35AC-4EC8-A1A7-CCFFCA83E23A}.Debug|Any CPU.Build.0 = Debug|Any CPU
		{543E7D4B-35AC-4EC8-A1A7-CCFFCA83E23A}.Release|Any CPU.ActiveCfg = Release|Any CPU
		{543E7D4B-35AC-4EC8-A1A7-CCFFCA83E23A}.Release|Any CPU.Build.0 = Release|Any CPU
		{929203D5-8046-41BA-A8E1-5C303C773D5B}.Debug|Any CPU.ActiveCfg = Debug|Any CPU
		{929203D5-8046-41BA-A8E1-5C303C773D5B}.Debug|Any CPU.Build.0 = Debug|Any CPU
		{929203D5-8046-41BA-A8E1-5C303C773D5B}.Release|Any CPU.ActiveCfg = Release|Any CPU
		{929203D5-8046-41BA-A8E1-5C303C773D5B}.Release|Any CPU.Build.0 = Release|Any CPU
	EndGlobalSection
	GlobalSection(SolutionProperties) = preSolution
		HideSolutionNode = FALSE
	EndGlobalSection
EndGlobal
